// !$*UTF8*$!
{
	archiveVersion = 1;
	classes = {
	};
	objectVersion = 46;
	objects = {

/* Begin PBXBuildFile section */
		22F0456A1E6DC6190041DC9C /* main.m in Sources */ = {isa = PBXBuildFile; fileRef = 22F045691E6DC6190041DC9C /* main.m */; };
		22F0456D1E6DC6190041DC9C /* AppDelegate.m in Sources */ = {isa = PBXBuildFile; fileRef = 22F0456C1E6DC6190041DC9C /* AppDelegate.m */; };
		22F045701E6DC6190041DC9C /* FirstViewController.m in Sources */ = {isa = PBXBuildFile; fileRef = 22F0456F1E6DC6190041DC9C /* FirstViewController.m */; };
		22F045731E6DC6190041DC9C /* SecondViewController.m in Sources */ = {isa = PBXBuildFile; fileRef = 22F045721E6DC6190041DC9C /* SecondViewController.m */; };
		22F045761E6DC6190041DC9C /* Main.storyboard in Resources */ = {isa = PBXBuildFile; fileRef = 22F045741E6DC6190041DC9C /* Main.storyboard */; };
		22F045781E6DC61A0041DC9C /* Assets.xcassets in Resources */ = {isa = PBXBuildFile; fileRef = 22F045771E6DC6190041DC9C /* Assets.xcassets */; };
		22F0457B1E6DC61A0041DC9C /* LaunchScreen.storyboard in Resources */ = {isa = PBXBuildFile; fileRef = 22F045791E6DC61A0041DC9C /* LaunchScreen.storyboard */; };
		22F045861E6DC61A0041DC9C /* AlienTests.m in Sources */ = {isa = PBXBuildFile; fileRef = 22F045851E6DC61A0041DC9C /* AlienTests.m */; };
		22F045911E6DC61A0041DC9C /* AlienUITests.m in Sources */ = {isa = PBXBuildFile; fileRef = 22F045901E6DC61A0041DC9C /* AlienUITests.m */; };
		22F045A01E6DCA680041DC9C /* HintViewController.m in Sources */ = {isa = PBXBuildFile; fileRef = 22F0459F1E6DCA680041DC9C /* HintViewController.m */; };
		22F045E11E70F37B0041DC9C /* alien.png in Resources */ = {isa = PBXBuildFile; fileRef = 22F045E01E70F37B0041DC9C /* alien.png */; };
		22F0462C1E734AA20041DC9C /* win.wav in Resources */ = {isa = PBXBuildFile; fileRef = 22F0462B1E734AA20041DC9C /* win.wav */; };
/* End PBXBuildFile section */

/* Begin PBXContainerItemProxy section */
		22F045821E6DC61A0041DC9C /* PBXContainerItemProxy */ = {
			isa = PBXContainerItemProxy;
			containerPortal = 22F0455D1E6DC6190041DC9C /* Project object */;
			proxyType = 1;
			remoteGlobalIDString = 22F045641E6DC6190041DC9C;
			remoteInfo = Alien;
		};
		22F0458D1E6DC61A0041DC9C /* PBXContainerItemProxy */ = {
			isa = PBXContainerItemProxy;
			containerPortal = 22F0455D1E6DC6190041DC9C /* Project object */;
			proxyType = 1;
			remoteGlobalIDString = 22F045641E6DC6190041DC9C;
			remoteInfo = Alien;
		};
/* End PBXContainerItemProxy section */

/* Begin PBXFileReference section */
		22F045651E6DC6190041DC9C /* Alien.app */ = {isa = PBXFileReference; explicitFileType = wrapper.application; includeInIndex = 0; path = Alien.app; sourceTree = BUILT_PRODUCTS_DIR; };
		22F045691E6DC6190041DC9C /* main.m */ = {isa = PBXFileReference; lastKnownFileType = sourcecode.c.objc; path = main.m; sourceTree = "<group>"; };
		22F0456B1E6DC6190041DC9C /* AppDelegate.h */ = {isa = PBXFileReference; lastKnownFileType = sourcecode.c.h; path = AppDelegate.h; sourceTree = "<group>"; };
		22F0456C1E6DC6190041DC9C /* AppDelegate.m */ = {isa = PBXFileReference; lastKnownFileType = sourcecode.c.objc; path = AppDelegate.m; sourceTree = "<group>"; };
		22F0456E1E6DC6190041DC9C /* FirstViewController.h */ = {isa = PBXFileReference; lastKnownFileType = sourcecode.c.h; path = FirstViewController.h; sourceTree = "<group>"; };
		22F0456F1E6DC6190041DC9C /* FirstViewController.m */ = {isa = PBXFileReference; lastKnownFileType = sourcecode.c.objc; path = FirstViewController.m; sourceTree = "<group>"; };
		22F045711E6DC6190041DC9C /* SecondViewController.h */ = {isa = PBXFileReference; lastKnownFileType = sourcecode.c.h; path = SecondViewController.h; sourceTree = "<group>"; };
		22F045721E6DC6190041DC9C /* SecondViewController.m */ = {isa = PBXFileReference; lastKnownFileType = sourcecode.c.objc; path = SecondViewController.m; sourceTree = "<group>"; };
		22F045751E6DC6190041DC9C /* Base */ = {isa = PBXFileReference; lastKnownFileType = file.storyboard; name = Base; path = Base.lproj/Main.storyboard; sourceTree = "<group>"; };
		22F045771E6DC6190041DC9C /* Assets.xcassets */ = {isa = PBXFileReference; lastKnownFileType = folder.assetcatalog; path = Assets.xcassets; sourceTree = "<group>"; };
		22F0457A1E6DC61A0041DC9C /* Base */ = {isa = PBXFileReference; lastKnownFileType = file.storyboard; name = Base; path = Base.lproj/LaunchScreen.storyboard; sourceTree = "<group>"; };
		22F0457C1E6DC61A0041DC9C /* Info.plist */ = {isa = PBXFileReference; lastKnownFileType = text.plist.xml; path = Info.plist; sourceTree = "<group>"; };
		22F045811E6DC61A0041DC9C /* AlienTests.xctest */ = {isa = PBXFileReference; explicitFileType = wrapper.cfbundle; includeInIndex = 0; path = AlienTests.xctest; sourceTree = BUILT_PRODUCTS_DIR; };
		22F045851E6DC61A0041DC9C /* AlienTests.m */ = {isa = PBXFileReference; lastKnownFileType = sourcecode.c.objc; path = AlienTests.m; sourceTree = "<group>"; };
		22F045871E6DC61A0041DC9C /* Info.plist */ = {isa = PBXFileReference; lastKnownFileType = text.plist.xml; path = Info.plist; sourceTree = "<group>"; };
		22F0458C1E6DC61A0041DC9C /* AlienUITests.xctest */ = {isa = PBXFileReference; explicitFileType = wrapper.cfbundle; includeInIndex = 0; path = AlienUITests.xctest; sourceTree = BUILT_PRODUCTS_DIR; };
		22F045901E6DC61A0041DC9C /* AlienUITests.m */ = {isa = PBXFileReference; lastKnownFileType = sourcecode.c.objc; path = AlienUITests.m; sourceTree = "<group>"; };
		22F045921E6DC61A0041DC9C /* Info.plist */ = {isa = PBXFileReference; lastKnownFileType = text.plist.xml; path = Info.plist; sourceTree = "<group>"; };
		22F0459E1E6DCA680041DC9C /* HintViewController.h */ = {isa = PBXFileReference; fileEncoding = 4; lastKnownFileType = sourcecode.c.h; path = HintViewController.h; sourceTree = "<group>"; };
		22F0459F1E6DCA680041DC9C /* HintViewController.m */ = {isa = PBXFileReference; fileEncoding = 4; lastKnownFileType = sourcecode.c.objc; path = HintViewController.m; sourceTree = "<group>"; };
		22F045E01E70F37B0041DC9C /* alien.png */ = {isa = PBXFileReference; lastKnownFileType = image.png; path = alien.png; sourceTree = "<group>"; };
		22F0462B1E734AA20041DC9C /* win.wav */ = {isa = PBXFileReference; lastKnownFileType = audio.wav; name = win.wav; path = ../../../../../../Downloads/win.wav; sourceTree = "<group>"; };
/* End PBXFileReference section */

/* Begin PBXFrameworksBuildPhase section */
		22F045621E6DC6190041DC9C /* Frameworks */ = {
			isa = PBXFrameworksBuildPhase;
			buildActionMask = 2147483647;
			files = (
			);
			runOnlyForDeploymentPostprocessing = 0;
		};
		22F0457E1E6DC61A0041DC9C /* Frameworks */ = {
			isa = PBXFrameworksBuildPhase;
			buildActionMask = 2147483647;
			files = (
			);
			runOnlyForDeploymentPostprocessing = 0;
		};
		22F045891E6DC61A0041DC9C /* Frameworks */ = {
			isa = PBXFrameworksBuildPhase;
			buildActionMask = 2147483647;
			files = (
			);
			runOnlyForDeploymentPostprocessing = 0;
		};
/* End PBXFrameworksBuildPhase section */

/* Begin PBXGroup section */
		22F0455C1E6DC6190041DC9C = {
			isa = PBXGroup;
			children = (
				22F045671E6DC6190041DC9C /* Alien */,
				22F045841E6DC61A0041DC9C /* AlienTests */,
				22F0458F1E6DC61A0041DC9C /* AlienUITests */,
				22F045661E6DC6190041DC9C /* Products */,
			);
			sourceTree = "<group>";
		};
		22F045661E6DC6190041DC9C /* Products */ = {
			isa = PBXGroup;
			children = (
				22F045651E6DC6190041DC9C /* Alien.app */,
				22F045811E6DC61A0041DC9C /* AlienTests.xctest */,
				22F0458C1E6DC61A0041DC9C /* AlienUITests.xctest */,
			);
			name = Products;
			sourceTree = "<group>";
		};
		22F045671E6DC6190041DC9C /* Alien */ = {
			isa = PBXGroup;
			children = (
				22F0462B1E734AA20041DC9C /* win.wav */,
				22F0456B1E6DC6190041DC9C /* AppDelegate.h */,
				22F0456C1E6DC6190041DC9C /* AppDelegate.m */,
				22F0456E1E6DC6190041DC9C /* FirstViewController.h */,
				22F0456F1E6DC6190041DC9C /* FirstViewController.m */,
				22F045711E6DC6190041DC9C /* SecondViewController.h */,
				22F045721E6DC6190041DC9C /* SecondViewController.m */,
				22F0459E1E6DCA680041DC9C /* HintViewController.h */,
				22F0459F1E6DCA680041DC9C /* HintViewController.m */,
				22F045741E6DC6190041DC9C /* Main.storyboard */,
				22F045771E6DC6190041DC9C /* Assets.xcassets */,
				22F045E01E70F37B0041DC9C /* alien.png */,
				22F045791E6DC61A0041DC9C /* LaunchScreen.storyboard */,
				22F0457C1E6DC61A0041DC9C /* Info.plist */,
				22F045681E6DC6190041DC9C /* Supporting Files */,
			);
			path = Alien;
			sourceTree = "<group>";
		};
		22F045681E6DC6190041DC9C /* Supporting Files */ = {
			isa = PBXGroup;
			children = (
				22F045691E6DC6190041DC9C /* main.m */,
			);
			name = "Supporting Files";
			sourceTree = "<group>";
		};
		22F045841E6DC61A0041DC9C /* AlienTests */ = {
			isa = PBXGroup;
			children = (
				22F045851E6DC61A0041DC9C /* AlienTests.m */,
				22F045871E6DC61A0041DC9C /* Info.plist */,
			);
			path = AlienTests;
			sourceTree = "<group>";
		};
		22F0458F1E6DC61A0041DC9C /* AlienUITests */ = {
			isa = PBXGroup;
			children = (
				22F045901E6DC61A0041DC9C /* AlienUITests.m */,
				22F045921E6DC61A0041DC9C /* Info.plist */,
			);
			path = AlienUITests;
			sourceTree = "<group>";
		};
/* End PBXGroup section */

/* Begin PBXNativeTarget section */
		22F045641E6DC6190041DC9C /* Alien */ = {
			isa = PBXNativeTarget;
			buildConfigurationList = 22F045951E6DC61A0041DC9C /* Build configuration list for PBXNativeTarget "Alien" */;
			buildPhases = (
				22F045611E6DC6190041DC9C /* Sources */,
				22F045621E6DC6190041DC9C /* Frameworks */,
				22F045631E6DC6190041DC9C /* Resources */,
			);
			buildRules = (
			);
			dependencies = (
			);
			name = Alien;
			productName = Alien;
			productReference = 22F045651E6DC6190041DC9C /* Alien.app */;
			productType = "com.apple.product-type.application";
		};
		22F045801E6DC61A0041DC9C /* AlienTests */ = {
			isa = PBXNativeTarget;
			buildConfigurationList = 22F045981E6DC61A0041DC9C /* Build configuration list for PBXNativeTarget "AlienTests" */;
			buildPhases = (
				22F0457D1E6DC61A0041DC9C /* Sources */,
				22F0457E1E6DC61A0041DC9C /* Frameworks */,
				22F0457F1E6DC61A0041DC9C /* Resources */,
			);
			buildRules = (
			);
			dependencies = (
				22F045831E6DC61A0041DC9C /* PBXTargetDependency */,
			);
			name = AlienTests;
			productName = AlienTests;
			productReference = 22F045811E6DC61A0041DC9C /* AlienTests.xctest */;
			productType = "com.apple.product-type.bundle.unit-test";
		};
		22F0458B1E6DC61A0041DC9C /* AlienUITests */ = {
			isa = PBXNativeTarget;
			buildConfigurationList = 22F0459B1E6DC61A0041DC9C /* Build configuration list for PBXNativeTarget "AlienUITests" */;
			buildPhases = (
				22F045881E6DC61A0041DC9C /* Sources */,
				22F045891E6DC61A0041DC9C /* Frameworks */,
				22F0458A1E6DC61A0041DC9C /* Resources */,
			);
			buildRules = (
			);
			dependencies = (
				22F0458E1E6DC61A0041DC9C /* PBXTargetDependency */,
			);
			name = AlienUITests;
			productName = AlienUITests;
			productReference = 22F0458C1E6DC61A0041DC9C /* AlienUITests.xctest */;
			productType = "com.apple.product-type.bundle.ui-testing";
		};
/* End PBXNativeTarget section */

/* Begin PBXProject section */
		22F0455D1E6DC6190041DC9C /* Project object */ = {
			isa = PBXProject;
			attributes = {
				LastUpgradeCheck = 0820;
				ORGANIZATIONNAME = nyu.edu;
				TargetAttributes = {
					22F045641E6DC6190041DC9C = {
						CreatedOnToolsVersion = 8.2.1;
						ProvisioningStyle = Automatic;
					};
					22F045801E6DC61A0041DC9C = {
						CreatedOnToolsVersion = 8.2.1;
						ProvisioningStyle = Automatic;
						TestTargetID = 22F045641E6DC6190041DC9C;
					};
					22F0458B1E6DC61A0041DC9C = {
						CreatedOnToolsVersion = 8.2.1;
						ProvisioningStyle = Automatic;
						TestTargetID = 22F045641E6DC6190041DC9C;
					};
				};
			};
			buildConfigurationList = 22F045601E6DC6190041DC9C /* Build configuration list for PBXProject "Alien" */;
			compatibilityVersion = "Xcode 3.2";
			developmentRegion = English;
			hasScannedForEncodings = 0;
			knownRegions = (
				en,
				Base,
			);
			mainGroup = 22F0455C1E6DC6190041DC9C;
			productRefGroup = 22F045661E6DC6190041DC9C /* Products */;
			projectDirPath = "";
			projectRoot = "";
			targets = (
				22F045641E6DC6190041DC9C /* Alien */,
				22F045801E6DC61A0041DC9C /* AlienTests */,
				22F0458B1E6DC61A0041DC9C /* AlienUITests */,
			);
		};
/* End PBXProject section */

/* Begin PBXResourcesBuildPhase section */
		22F045631E6DC6190041DC9C /* Resources */ = {
			isa = PBXResourcesBuildPhase;
			buildActionMask = 2147483647;
			files = (
				22F0457B1E6DC61A0041DC9C /* LaunchScreen.storyboard in Resources */,
				22F045E11E70F37B0041DC9C /* alien.png in Resources */,
				22F045781E6DC61A0041DC9C /* Assets.xcassets in Resources */,
				22F0462C1E734AA20041DC9C /* win.wav in Resources */,
				22F045761E6DC6190041DC9C /* Main.storyboard in Resources */,
			);
			runOnlyForDeploymentPostprocessing = 0;
		};
		22F0457F1E6DC61A0041DC9C /* Resources */ = {
			isa = PBXResourcesBuildPhase;
			buildActionMask = 2147483647;
			files = (
			);
			runOnlyForDeploymentPostprocessing = 0;
		};
		22F0458A1E6DC61A0041DC9C /* Resources */ = {
			isa = PBXResourcesBuildPhase;
			buildActionMask = 2147483647;
			files = (
			);
			runOnlyForDeploymentPostprocessing = 0;
		};
/* End PBXResourcesBuildPhase section */

/* Begin PBXSourcesBuildPhase section */
		22F045611E6DC6190041DC9C /* Sources */ = {
			isa = PBXSourcesBuildPhase;
			buildActionMask = 2147483647;
			files = (
				22F045A01E6DCA680041DC9C /* HintViewController.m in Sources */,
				22F045731E6DC6190041DC9C /* SecondViewController.m in Sources */,
				22F0456D1E6DC6190041DC9C /* AppDelegate.m in Sources */,
				22F045701E6DC6190041DC9C /* FirstViewController.m in Sources */,
				22F0456A1E6DC6190041DC9C /* main.m in Sources */,
			);
			runOnlyForDeploymentPostprocessing = 0;
		};
		22F0457D1E6DC61A0041DC9C /* Sources */ = {
			isa = PBXSourcesBuildPhase;
			buildActionMask = 2147483647;
			files = (
				22F045861E6DC61A0041DC9C /* AlienTests.m in Sources */,
			);
			runOnlyForDeploymentPostprocessing = 0;
		};
		22F045881E6DC61A0041DC9C /* Sources */ = {
			isa = PBXSourcesBuildPhase;
			buildActionMask = 2147483647;
			files = (
				22F045911E6DC61A0041DC9C /* AlienUITests.m in Sources */,
			);
			runOnlyForDeploymentPostprocessing = 0;
		};
/* End PBXSourcesBuildPhase section */

/* Begin PBXTargetDependency section */
		22F045831E6DC61A0041DC9C /* PBXTargetDependency */ = {
			isa = PBXTargetDependency;
			target = 22F045641E6DC6190041DC9C /* Alien */;
			targetProxy = 22F045821E6DC61A0041DC9C /* PBXContainerItemProxy */;
		};
		22F0458E1E6DC61A0041DC9C /* PBXTargetDependency */ = {
			isa = PBXTargetDependency;
			target = 22F045641E6DC6190041DC9C /* Alien */;
			targetProxy = 22F0458D1E6DC61A0041DC9C /* PBXContainerItemProxy */;
		};
/* End PBXTargetDependency section */

/* Begin PBXVariantGroup section */
		22F045741E6DC6190041DC9C /* Main.storyboard */ = {
			isa = PBXVariantGroup;
			children = (
				22F045751E6DC6190041DC9C /* Base */,
			);
			name = Main.storyboard;
			sourceTree = "<group>";
		};
		22F045791E6DC61A0041DC9C /* LaunchScreen.storyboard */ = {
			isa = PBXVariantGroup;
			children = (
				22F0457A1E6DC61A0041DC9C /* Base */,
			);
			name = LaunchScreen.storyboard;
			sourceTree = "<group>";
		};
/* End PBXVariantGroup section */

/* Begin XCBuildConfiguration section */
		22F045931E6DC61A0041DC9C /* Debug */ = {
			isa = XCBuildConfiguration;
			buildSettings = {
				ALWAYS_SEARCH_USER_PATHS = NO;
				CLANG_ANALYZER_NONNULL = YES;
				CLANG_CXX_LANGUAGE_STANDARD = "gnu++0x";
				CLANG_CXX_LIBRARY = "libc++";
				CLANG_ENABLE_MODULES = YES;
				CLANG_ENABLE_OBJC_ARC = YES;
				CLANG_WARN_BOOL_CONVERSION = YES;
				CLANG_WARN_CONSTANT_CONVERSION = YES;
				CLANG_WARN_DIRECT_OBJC_ISA_USAGE = YES_ERROR;
				CLANG_WARN_DOCUMENTATION_COMMENTS = YES;
				CLANG_WARN_EMPTY_BODY = YES;
				CLANG_WARN_ENUM_CONVERSION = YES;
				CLANG_WARN_INFINITE_RECURSION = YES;
				CLANG_WARN_INT_CONVERSION = YES;
				CLANG_WARN_OBJC_ROOT_CLASS = YES_ERROR;
				CLANG_WARN_SUSPICIOUS_MOVE = YES;
				CLANG_WARN_UNREACHABLE_CODE = YES;
				CLANG_WARN__DUPLICATE_METHOD_MATCH = YES;
				"CODE_SIGN_IDENTITY[sdk=iphoneos*]" = "iPhone Developer";
				COPY_PHASE_STRIP = NO;
				DEBUG_INFORMATION_FORMAT = dwarf;
				ENABLE_STRICT_OBJC_MSGSEND = YES;
				ENABLE_TESTABILITY = YES;
				GCC_C_LANGUAGE_STANDARD = gnu99;
				GCC_DYNAMIC_NO_PIC = NO;
				GCC_NO_COMMON_BLOCKS = YES;
				GCC_OPTIMIZATION_LEVEL = 0;
				GCC_PREPROCESSOR_DEFINITIONS = (
					"DEBUG=1",
					"$(inherited)",
				);
				GCC_WARN_64_TO_32_BIT_CONVERSION = YES;
				GCC_WARN_ABOUT_RETURN_TYPE = YES_ERROR;
				GCC_WARN_UNDECLARED_SELECTOR = YES;
				GCC_WARN_UNINITIALIZED_AUTOS = YES_AGGRESSIVE;
				GCC_WARN_UNUSED_FUNCTION = YES;
				GCC_WARN_UNUSED_VARIABLE = YES;
				IPHONEOS_DEPLOYMENT_TARGET = 10.2;
				MTL_ENABLE_DEBUG_INFO = YES;
				ONLY_ACTIVE_ARCH = YES;
				SDKROOT = iphoneos;
			};
			name = Debug;
		};
		22F045941E6DC61A0041DC9C /* Release */ = {
			isa = XCBuildConfiguration;
			buildSettings = {
				ALWAYS_SEARCH_USER_PATHS = NO;
				CLANG_ANALYZER_NONNULL = YES;
				CLANG_CXX_LANGUAGE_STANDARD = "gnu++0x";
				CLANG_CXX_LIBRARY = "libc++";
				CLANG_ENABLE_MODULES = YES;
				CLANG_ENABLE_OBJC_ARC = YES;
				CLANG_WARN_BOOL_CONVERSION = YES;
				CLANG_WARN_CONSTANT_CONVERSION = YES;
				CLANG_WARN_DIRECT_OBJC_ISA_USAGE = YES_ERROR;
				CLANG_WARN_DOCUMENTATION_COMMENTS = YES;
				CLANG_WARN_EMPTY_BODY = YES;
				CLANG_WARN_ENUM_CONVERSION = YES;
				CLANG_WARN_INFINITE_RECURSION = YES;
				CLANG_WARN_INT_CONVERSION = YES;
				CLANG_WARN_OBJC_ROOT_CLASS = YES_ERROR;
				CLANG_WARN_SUSPICIOUS_MOVE = YES;
				CLANG_WARN_UNREACHABLE_CODE = YES;
				CLANG_WARN__DUPLICATE_METHOD_MATCH = YES;
				"CODE_SIGN_IDENTITY[sdk=iphoneos*]" = "iPhone Developer";
				COPY_PHASE_STRIP = NO;
				DEBUG_INFORMATION_FORMAT = "dwarf-with-dsym";
				ENABLE_NS_ASSERTIONS = NO;
				ENABLE_STRICT_OBJC_MSGSEND = YES;
				GCC_C_LANGUAGE_STANDARD = gnu99;
				GCC_NO_COMMON_BLOCKS = YES;
				GCC_WARN_64_TO_32_BIT_CONVERSION = YES;
				GCC_WARN_ABOUT_RETURN_TYPE = YES_ERROR;
				GCC_WARN_UNDECLARED_SELECTOR = YES;
				GCC_WARN_UNINITIALIZED_AUTOS = YES_AGGRESSIVE;
				GCC_WARN_UNUSED_FUNCTION = YES;
				GCC_WARN_UNUSED_VARIABLE = YES;
				IPHONEOS_DEPLOYMENT_TARGET = 10.2;
				MTL_ENABLE_DEBUG_INFO = NO;
				SDKROOT = iphoneos;
				VALIDATE_PRODUCT = YES;
			};
			name = Release;
		};
		22F045961E6DC61A0041DC9C /* Debug */ = {
			isa = XCBuildConfiguration;
			buildSettings = {
				ASSETCATALOG_COMPILER_APPICON_NAME = AppIcon;
				INFOPLIST_FILE = Alien/Info.plist;
				LD_RUNPATH_SEARCH_PATHS = "$(inherited) @executable_path/Frameworks";
				PRODUCT_BUNDLE_IDENTIFIER = "Jessica-Donahue.Alien";
				PRODUCT_NAME = "$(TARGET_NAME)";
			};
			name = Debug;
		};
		22F045971E6DC61A0041DC9C /* Release */ = {
			isa = XCBuildConfiguration;
			buildSettings = {
				ASSETCATALOG_COMPILER_APPICON_NAME = AppIcon;
				INFOPLIST_FILE = Alien/Info.plist;
				LD_RUNPATH_SEARCH_PATHS = "$(inherited) @executable_path/Frameworks";
				PRODUCT_BUNDLE_IDENTIFIER = "Jessica-Donahue.Alien";
				PRODUCT_NAME = "$(TARGET_NAME)";
			};
			name = Release;
		};
		22F045991E6DC61A0041DC9C /* Debug */ = {
			isa = XCBuildConfiguration;
			buildSettings = {
				BUNDLE_LOADER = "$(TEST_HOST)";
				INFOPLIST_FILE = AlienTests/Info.plist;
				LD_RUNPATH_SEARCH_PATHS = "$(inherited) @executable_path/Frameworks @loader_path/Frameworks";
				PRODUCT_BUNDLE_IDENTIFIER = "Jessica-Donahue.AlienTests";
				PRODUCT_NAME = "$(TARGET_NAME)";
				TEST_HOST = "$(BUILT_PRODUCTS_DIR)/Alien.app/Alien";
			};
			name = Debug;
		};
		22F0459A1E6DC61A0041DC9C /* Release */ = {
			isa = XCBuildConfiguration;
			buildSettings = {
				BUNDLE_LOADER = "$(TEST_HOST)";
				INFOPLIST_FILE = AlienTests/Info.plist;
				LD_RUNPATH_SEARCH_PATHS = "$(inherited) @executable_path/Frameworks @loader_path/Frameworks";
				PRODUCT_BUNDLE_IDENTIFIER = "Jessica-Donahue.AlienTests";
				PRODUCT_NAME = "$(TARGET_NAME)";
				TEST_HOST = "$(BUILT_PRODUCTS_DIR)/Alien.app/Alien";
			};
			name = Release;
		};
		22F0459C1E6DC61A0041DC9C /* Debug */ = {
			isa = XCBuildConfiguration;
			buildSettings = {
				INFOPLIST_FILE = AlienUITests/Info.plist;
				LD_RUNPATH_SEARCH_PATHS = "$(inherited) @executable_path/Frameworks @loader_path/Frameworks";
				PRODUCT_BUNDLE_IDENTIFIER = "Jessica-Donahue.AlienUITests";
				PRODUCT_NAME = "$(TARGET_NAME)";
				TEST_TARGET_NAME = Alien;
			};
			name = Debug;
		};
		22F0459D1E6DC61A0041DC9C /* Release */ = {
			isa = XCBuildConfiguration;
			buildSettings = {
				INFOPLIST_FILE = AlienUITests/Info.plist;
				LD_RUNPATH_SEARCH_PATHS = "$(inherited) @executable_path/Frameworks @loader_path/Frameworks";
				PRODUCT_BUNDLE_IDENTIFIER = "Jessica-Donahue.AlienUITests";
				PRODUCT_NAME = "$(TARGET_NAME)";
				TEST_TARGET_NAME = Alien;
			};
			name = Release;
		};
/* End XCBuildConfiguration section */

/* Begin XCConfigurationList section */
		22F045601E6DC6190041DC9C /* Build configuration list for PBXProject "Alien" */ = {
			isa = XCConfigurationList;
			buildConfigurations = (
				22F045931E6DC61A0041DC9C /* Debug */,
				22F045941E6DC61A0041DC9C /* Release */,
			);
			defaultConfigurationIsVisible = 0;
			defaultConfigurationName = Release;
		};
		22F045951E6DC61A0041DC9C /* Build configuration list for PBXNativeTarget "Alien" */ = {
			isa = XCConfigurationList;
			buildConfigurations = (
				22F045961E6DC61A0041DC9C /* Debug */,
				22F045971E6DC61A0041DC9C /* Release */,
			);
			defaultConfigurationIsVisible = 0;
		};
		22F045981E6DC61A0041DC9C /* Build configuration list for PBXNativeTarget "AlienTests" */ = {
			isa = XCConfigurationList;
			buildConfigurations = (
				22F045991E6DC61A0041DC9C /* Debug */,
				22F0459A1E6DC61A0041DC9C /* Release */,
			);
			defaultConfigurationIsVisible = 0;
		};
		22F0459B1E6DC61A0041DC9C /* Build configuration list for PBXNativeTarget "AlienUITests" */ = {
			isa = XCConfigurationList;
			buildConfigurations = (
				22F0459C1E6DC61A0041DC9C /* Debug */,
				22F0459D1E6DC61A0041DC9C /* Release */,
			);
			defaultConfigurationIsVisible = 0;
		};
/* End XCConfigurationList section */
	};
	rootObject = 22F0455D1E6DC6190041DC9C /* Project object */;
}
